// !$*UTF8*$!
{
	archiveVersion = 1;
	classes = {
	};
	objectVersion = 56;
	objects = {

/* Begin PBXBuildFile section */
		E052D83E298BE8B6004706F5 /* BriefullApp.swift in Sources */ = {isa = PBXBuildFile; fileRef = E052D83D298BE8B6004706F5 /* BriefullApp.swift */; };
		E052D842298BE8B7004706F5 /* Assets.xcassets in Resources */ = {isa = PBXBuildFile; fileRef = E052D841298BE8B7004706F5 /* Assets.xcassets */; };
		E052D845298BE8B7004706F5 /* Preview Assets.xcassets in Resources */ = {isa = PBXBuildFile; fileRef = E052D844298BE8B7004706F5 /* Preview Assets.xcassets */; };
		E052D84F298BE942004706F5 /* Main.swift in Sources */ = {isa = PBXBuildFile; fileRef = E052D84E298BE942004706F5 /* Main.swift */; };
		E052D851298BE950004706F5 /* SignIn.swift in Sources */ = {isa = PBXBuildFile; fileRef = E052D850298BE950004706F5 /* SignIn.swift */; };
		E052D853298BE95C004706F5 /* SignUp.swift in Sources */ = {isa = PBXBuildFile; fileRef = E052D852298BE95C004706F5 /* SignUp.swift */; };
		E052D855298BE975004706F5 /* Vlog.swift in Sources */ = {isa = PBXBuildFile; fileRef = E052D854298BE975004706F5 /* Vlog.swift */; };
		E052D859298BE994004706F5 /* Profile.swift in Sources */ = {isa = PBXBuildFile; fileRef = E052D858298BE994004706F5 /* Profile.swift */; };
		E052D85D298BEA22004706F5 /* FindFriends.swift in Sources */ = {isa = PBXBuildFile; fileRef = E052D85C298BEA22004706F5 /* FindFriends.swift */; };
		E052D85F298BEA4F004706F5 /* AddFriends.swift in Sources */ = {isa = PBXBuildFile; fileRef = E052D85E298BEA4F004706F5 /* AddFriends.swift */; };
		E052D861298BEAA0004706F5 /* EditPersonalInfo.swift in Sources */ = {isa = PBXBuildFile; fileRef = E052D860298BEAA0004706F5 /* EditPersonalInfo.swift */; };
		E052D863298BEAEA004706F5 /* AddReaction.swift in Sources */ = {isa = PBXBuildFile; fileRef = E052D862298BEAEA004706F5 /* AddReaction.swift */; };
		E052D865298BEBED004706F5 /* Tab.swift in Sources */ = {isa = PBXBuildFile; fileRef = E052D864298BEBED004706F5 /* Tab.swift */; };
		E052D86A298BEE99004706F5 /* Items.swift in Sources */ = {isa = PBXBuildFile; fileRef = E052D869298BEE99004706F5 /* Items.swift */; };
		E052D86C298EBA77004706F5 /* ResetPasswordSheet.swift in Sources */ = {isa = PBXBuildFile; fileRef = E052D86B298EBA77004706F5 /* ResetPasswordSheet.swift */; };
		E052D870298EBAB7004706F5 /* ForgetPasswordSheet.swift in Sources */ = {isa = PBXBuildFile; fileRef = E052D86F298EBAB7004706F5 /* ForgetPasswordSheet.swift */; };
		E052D872298ED6A9004706F5 /* ImojiSheet.swift in Sources */ = {isa = PBXBuildFile; fileRef = E052D871298ED6A9004706F5 /* ImojiSheet.swift */; };
		E052D874298EEA6D004706F5 /* ImageProfile.swift in Sources */ = {isa = PBXBuildFile; fileRef = E052D873298EEA6D004706F5 /* ImageProfile.swift */; };
		E052D8762990F4BC004706F5 /* GoogleService-Info.plist in Resources */ = {isa = PBXBuildFile; fileRef = E052D8752990F4BC004706F5 /* GoogleService-Info.plist */; };
		E052D8792990F7AB004706F5 /* FirebaseAuth in Frameworks */ = {isa = PBXBuildFile; productRef = E052D8782990F7AB004706F5 /* FirebaseAuth */; };
		E052D87B2990F7AB004706F5 /* FirebaseFirestore in Frameworks */ = {isa = PBXBuildFile; productRef = E052D87A2990F7AB004706F5 /* FirebaseFirestore */; };
		E052D87D2990F7AB004706F5 /* FirebaseStorage in Frameworks */ = {isa = PBXBuildFile; productRef = E052D87C2990F7AB004706F5 /* FirebaseStorage */; };
		E052D87F29911B61004706F5 /* ErrorMessage.swift in Sources */ = {isa = PBXBuildFile; fileRef = E052D87E29911B61004706F5 /* ErrorMessage.swift */; };
		E052D88129911B93004706F5 /* SignUpViewModel.swift in Sources */ = {isa = PBXBuildFile; fileRef = E052D88029911B93004706F5 /* SignUpViewModel.swift */; };
		E052D88329911C3E004706F5 /* Coordinator.swift in Sources */ = {isa = PBXBuildFile; fileRef = E052D88229911C3E004706F5 /* Coordinator.swift */; };
		E052D885299132C7004706F5 /* ImagePicker.swift in Sources */ = {isa = PBXBuildFile; fileRef = E052D884299132C7004706F5 /* ImagePicker.swift */; };
		E052D8872991330F004706F5 /* ExtensionFile.swift in Sources */ = {isa = PBXBuildFile; fileRef = E052D8862991330F004706F5 /* ExtensionFile.swift */; };
		E052D88929917BB2004706F5 /* VlogViewModel.swift in Sources */ = {isa = PBXBuildFile; fileRef = E052D88829917BB2004706F5 /* VlogViewModel.swift */; };
/* End PBXBuildFile section */

/* Begin PBXFileReference section */
		E052D83A298BE8B6004706F5 /* Briefull.app */ = {isa = PBXFileReference; explicitFileType = wrapper.application; includeInIndex = 0; path = Briefull.app; sourceTree = BUILT_PRODUCTS_DIR; };
		E052D83D298BE8B6004706F5 /* BriefullApp.swift */ = {isa = PBXFileReference; lastKnownFileType = sourcecode.swift; path = BriefullApp.swift; sourceTree = "<group>"; };
		E052D841298BE8B7004706F5 /* Assets.xcassets */ = {isa = PBXFileReference; lastKnownFileType = folder.assetcatalog; path = Assets.xcassets; sourceTree = "<group>"; };
		E052D844298BE8B7004706F5 /* Preview Assets.xcassets */ = {isa = PBXFileReference; lastKnownFileType = folder.assetcatalog; path = "Preview Assets.xcassets"; sourceTree = "<group>"; };
		E052D84E298BE942004706F5 /* Main.swift */ = {isa = PBXFileReference; lastKnownFileType = sourcecode.swift; path = Main.swift; sourceTree = "<group>"; };
		E052D850298BE950004706F5 /* SignIn.swift */ = {isa = PBXFileReference; lastKnownFileType = sourcecode.swift; path = SignIn.swift; sourceTree = "<group>"; };
		E052D852298BE95C004706F5 /* SignUp.swift */ = {isa = PBXFileReference; lastKnownFileType = sourcecode.swift; path = SignUp.swift; sourceTree = "<group>"; };
		E052D854298BE975004706F5 /* Vlog.swift */ = {isa = PBXFileReference; lastKnownFileType = sourcecode.swift; path = Vlog.swift; sourceTree = "<group>"; };
		E052D858298BE994004706F5 /* Profile.swift */ = {isa = PBXFileReference; lastKnownFileType = sourcecode.swift; path = Profile.swift; sourceTree = "<group>"; };
		E052D85C298BEA22004706F5 /* FindFriends.swift */ = {isa = PBXFileReference; lastKnownFileType = sourcecode.swift; path = FindFriends.swift; sourceTree = "<group>"; };
		E052D85E298BEA4F004706F5 /* AddFriends.swift */ = {isa = PBXFileReference; lastKnownFileType = sourcecode.swift; path = AddFriends.swift; sourceTree = "<group>"; };
		E052D860298BEAA0004706F5 /* EditPersonalInfo.swift */ = {isa = PBXFileReference; lastKnownFileType = sourcecode.swift; path = EditPersonalInfo.swift; sourceTree = "<group>"; };
		E052D862298BEAEA004706F5 /* AddReaction.swift */ = {isa = PBXFileReference; lastKnownFileType = sourcecode.swift; path = AddReaction.swift; sourceTree = "<group>"; };
		E052D864298BEBED004706F5 /* Tab.swift */ = {isa = PBXFileReference; lastKnownFileType = sourcecode.swift; path = Tab.swift; sourceTree = "<group>"; };
		E052D869298BEE99004706F5 /* Items.swift */ = {isa = PBXFileReference; lastKnownFileType = sourcecode.swift; path = Items.swift; sourceTree = "<group>"; };
		E052D86B298EBA77004706F5 /* ResetPasswordSheet.swift */ = {isa = PBXFileReference; lastKnownFileType = sourcecode.swift; path = ResetPasswordSheet.swift; sourceTree = "<group>"; };
		E052D86F298EBAB7004706F5 /* ForgetPasswordSheet.swift */ = {isa = PBXFileReference; lastKnownFileType = sourcecode.swift; path = ForgetPasswordSheet.swift; sourceTree = "<group>"; };
		E052D871298ED6A9004706F5 /* ImojiSheet.swift */ = {isa = PBXFileReference; lastKnownFileType = sourcecode.swift; path = ImojiSheet.swift; sourceTree = "<group>"; };
		E052D873298EEA6D004706F5 /* ImageProfile.swift */ = {isa = PBXFileReference; lastKnownFileType = sourcecode.swift; path = ImageProfile.swift; sourceTree = "<group>"; };
		E052D8752990F4BC004706F5 /* GoogleService-Info.plist */ = {isa = PBXFileReference; fileEncoding = 4; lastKnownFileType = text.plist.xml; path = "GoogleService-Info.plist"; sourceTree = "<group>"; };
		E052D87E29911B61004706F5 /* ErrorMessage.swift */ = {isa = PBXFileReference; lastKnownFileType = sourcecode.swift; path = ErrorMessage.swift; sourceTree = "<group>"; };
		E052D88029911B93004706F5 /* SignUpViewModel.swift */ = {isa = PBXFileReference; lastKnownFileType = sourcecode.swift; path = SignUpViewModel.swift; sourceTree = "<group>"; };
		E052D88229911C3E004706F5 /* Coordinator.swift */ = {isa = PBXFileReference; lastKnownFileType = sourcecode.swift; path = Coordinator.swift; sourceTree = "<group>"; };
		E052D884299132C7004706F5 /* ImagePicker.swift */ = {isa = PBXFileReference; lastKnownFileType = sourcecode.swift; path = ImagePicker.swift; sourceTree = "<group>"; };
		E052D8862991330F004706F5 /* ExtensionFile.swift */ = {isa = PBXFileReference; lastKnownFileType = sourcecode.swift; path = ExtensionFile.swift; sourceTree = "<group>"; };
		E052D88829917BB2004706F5 /* VlogViewModel.swift */ = {isa = PBXFileReference; lastKnownFileType = sourcecode.swift; path = VlogViewModel.swift; sourceTree = "<group>"; };
/* End PBXFileReference section */

/* Begin PBXFrameworksBuildPhase section */
		E052D837298BE8B6004706F5 /* Frameworks */ = {
			isa = PBXFrameworksBuildPhase;
			buildActionMask = 2147483647;
			files = (
				E052D8792990F7AB004706F5 /* FirebaseAuth in Frameworks */,
				E052D87B2990F7AB004706F5 /* FirebaseFirestore in Frameworks */,
				E052D87D2990F7AB004706F5 /* FirebaseStorage in Frameworks */,
			);
			runOnlyForDeploymentPostprocessing = 0;
		};
/* End PBXFrameworksBuildPhase section */

/* Begin PBXGroup section */
		E052D831298BE8B6004706F5 = {
			isa = PBXGroup;
			children = (
				E052D83C298BE8B6004706F5 /* Briefull */,
				E052D83B298BE8B6004706F5 /* Products */,
			);
			sourceTree = "<group>";
		};
		E052D83B298BE8B6004706F5 /* Products */ = {
			isa = PBXGroup;
			children = (
				E052D83A298BE8B6004706F5 /* Briefull.app */,
			);
			name = Products;
			sourceTree = "<group>";
		};
		E052D83C298BE8B6004706F5 /* Briefull */ = {
			isa = PBXGroup;
			children = (
				E052D83D298BE8B6004706F5 /* BriefullApp.swift */,
				E052D8752990F4BC004706F5 /* GoogleService-Info.plist */,
				E052D868298BEE6B004706F5 /* Extension */,
				E052D84C298BE905004706F5 /* Models */,
				E052D84B298BE8F9004706F5 /* View */,
				E052D84D298BE910004706F5 /* ViewModels */,
				E052D841298BE8B7004706F5 /* Assets.xcassets */,
				E052D843298BE8B7004706F5 /* Preview Content */,
			);
			path = Briefull;
			sourceTree = "<group>";
		};
		E052D843298BE8B7004706F5 /* Preview Content */ = {
			isa = PBXGroup;
			children = (
				E052D844298BE8B7004706F5 /* Preview Assets.xcassets */,
			);
			path = "Preview Content";
			sourceTree = "<group>";
		};
		E052D84B298BE8F9004706F5 /* View */ = {
			isa = PBXGroup;
			children = (
				E052D84E298BE942004706F5 /* Main.swift */,
				E052D864298BEBED004706F5 /* Tab.swift */,
				E052D850298BE950004706F5 /* SignIn.swift */,
				E052D852298BE95C004706F5 /* SignUp.swift */,
				E052D854298BE975004706F5 /* Vlog.swift */,
				E052D858298BE994004706F5 /* Profile.swift */,
				E052D85C298BEA22004706F5 /* FindFriends.swift */,
				E052D85E298BEA4F004706F5 /* AddFriends.swift */,
				E052D860298BEAA0004706F5 /* EditPersonalInfo.swift */,
				E052D862298BEAEA004706F5 /* AddReaction.swift */,
				E052D86B298EBA77004706F5 /* ResetPasswordSheet.swift */,
				E052D86F298EBAB7004706F5 /* ForgetPasswordSheet.swift */,
				E052D871298ED6A9004706F5 /* ImojiSheet.swift */,
			);
			path = View;
			sourceTree = "<group>";
		};
		E052D84C298BE905004706F5 /* Models */ = {
			isa = PBXGroup;
			children = (
			);
			path = Models;
			sourceTree = "<group>";
		};
		E052D84D298BE910004706F5 /* ViewModels */ = {
			isa = PBXGroup;
			children = (
				E052D88029911B93004706F5 /* SignUpViewModel.swift */,
				E052D88229911C3E004706F5 /* Coordinator.swift */,
				E052D88829917BB2004706F5 /* VlogViewModel.swift */,
			);
			path = ViewModels;
			sourceTree = "<group>";
		};
		E052D868298BEE6B004706F5 /* Extension */ = {
			isa = PBXGroup;
			children = (
				E052D869298BEE99004706F5 /* Items.swift */,
				E052D873298EEA6D004706F5 /* ImageProfile.swift */,
				E052D87E29911B61004706F5 /* ErrorMessage.swift */,
				E052D884299132C7004706F5 /* ImagePicker.swift */,
				E052D8862991330F004706F5 /* ExtensionFile.swift */,
			);
			path = Extension;
			sourceTree = "<group>";
		};
/* End PBXGroup section */

/* Begin PBXNativeTarget section */
		E052D839298BE8B6004706F5 /* Briefull */ = {
			isa = PBXNativeTarget;
			buildConfigurationList = E052D848298BE8B7004706F5 /* Build configuration list for PBXNativeTarget "Briefull" */;
			buildPhases = (
				E052D836298BE8B6004706F5 /* Sources */,
				E052D837298BE8B6004706F5 /* Frameworks */,
				E052D838298BE8B6004706F5 /* Resources */,
			);
			buildRules = (
			);
			dependencies = (
			);
			name = Briefull;
			packageProductDependencies = (
				E052D8782990F7AB004706F5 /* FirebaseAuth */,
				E052D87A2990F7AB004706F5 /* FirebaseFirestore */,
				E052D87C2990F7AB004706F5 /* FirebaseStorage */,
			);
			productName = Briefull;
			productReference = E052D83A298BE8B6004706F5 /* Briefull.app */;
			productType = "com.apple.product-type.application";
		};
/* End PBXNativeTarget section */

/* Begin PBXProject section */
		E052D832298BE8B6004706F5 /* Project object */ = {
			isa = PBXProject;
			attributes = {
				BuildIndependentTargetsInParallel = 1;
				LastSwiftUpdateCheck = 1410;
				LastUpgradeCheck = 1410;
				TargetAttributes = {
					E052D839298BE8B6004706F5 = {
						CreatedOnToolsVersion = 14.1;
					};
				};
			};
			buildConfigurationList = E052D835298BE8B6004706F5 /* Build configuration list for PBXProject "Briefull" */;
			compatibilityVersion = "Xcode 14.0";
			developmentRegion = en;
			hasScannedForEncodings = 0;
			knownRegions = (
				en,
				Base,
			);
			mainGroup = E052D831298BE8B6004706F5;
			packageReferences = (
				E052D8772990F7AB004706F5 /* XCRemoteSwiftPackageReference "firebase-ios-sdk" */,
			);
			productRefGroup = E052D83B298BE8B6004706F5 /* Products */;
			projectDirPath = "";
			projectRoot = "";
			targets = (
				E052D839298BE8B6004706F5 /* Briefull */,
			);
		};
/* End PBXProject section */

/* Begin PBXResourcesBuildPhase section */
		E052D838298BE8B6004706F5 /* Resources */ = {
			isa = PBXResourcesBuildPhase;
			buildActionMask = 2147483647;
			files = (
				E052D845298BE8B7004706F5 /* Preview Assets.xcassets in Resources */,
				E052D842298BE8B7004706F5 /* Assets.xcassets in Resources */,
				E052D8762990F4BC004706F5 /* GoogleService-Info.plist in Resources */,
			);
			runOnlyForDeploymentPostprocessing = 0;
		};
/* End PBXResourcesBuildPhase section */

/* Begin PBXSourcesBuildPhase section */
		E052D836298BE8B6004706F5 /* Sources */ = {
			isa = PBXSourcesBuildPhase;
			buildActionMask = 2147483647;
			files = (
				E052D88929917BB2004706F5 /* VlogViewModel.swift in Sources */,
				E052D863298BEAEA004706F5 /* AddReaction.swift in Sources */,
				E052D87F29911B61004706F5 /* ErrorMessage.swift in Sources */,
				E052D874298EEA6D004706F5 /* ImageProfile.swift in Sources */,
				E052D8872991330F004706F5 /* ExtensionFile.swift in Sources */,
				E052D85D298BEA22004706F5 /* FindFriends.swift in Sources */,
				E052D88129911B93004706F5 /* SignUpViewModel.swift in Sources */,
				E052D84F298BE942004706F5 /* Main.swift in Sources */,
				E052D88329911C3E004706F5 /* Coordinator.swift in Sources */,
				E052D859298BE994004706F5 /* Profile.swift in Sources */,
				E052D86A298BEE99004706F5 /* Items.swift in Sources */,
				E052D861298BEAA0004706F5 /* EditPersonalInfo.swift in Sources */,
				E052D865298BEBED004706F5 /* Tab.swift in Sources */,
				E052D870298EBAB7004706F5 /* ForgetPasswordSheet.swift in Sources */,
				E052D853298BE95C004706F5 /* SignUp.swift in Sources */,
				E052D855298BE975004706F5 /* Vlog.swift in Sources */,
				E052D872298ED6A9004706F5 /* ImojiSheet.swift in Sources */,
				E052D86C298EBA77004706F5 /* ResetPasswordSheet.swift in Sources */,
				E052D851298BE950004706F5 /* SignIn.swift in Sources */,
				E052D885299132C7004706F5 /* ImagePicker.swift in Sources */,
				E052D83E298BE8B6004706F5 /* BriefullApp.swift in Sources */,
				E052D85F298BEA4F004706F5 /* AddFriends.swift in Sources */,
			);
			runOnlyForDeploymentPostprocessing = 0;
		};
/* End PBXSourcesBuildPhase section */

/* Begin XCBuildConfiguration section */
		E052D846298BE8B7004706F5 /* Debug */ = {
			isa = XCBuildConfiguration;
			buildSettings = {
				ALWAYS_SEARCH_USER_PATHS = NO;
				CLANG_ANALYZER_NONNULL = YES;
				CLANG_ANALYZER_NUMBER_OBJECT_CONVERSION = YES_AGGRESSIVE;
				CLANG_CXX_LANGUAGE_STANDARD = "gnu++20";
				CLANG_ENABLE_MODULES = YES;
				CLANG_ENABLE_OBJC_ARC = YES;
				CLANG_ENABLE_OBJC_WEAK = YES;
				CLANG_WARN_BLOCK_CAPTURE_AUTORELEASING = YES;
				CLANG_WARN_BOOL_CONVERSION = YES;
				CLANG_WARN_COMMA = YES;
				CLANG_WARN_CONSTANT_CONVERSION = YES;
				CLANG_WARN_DEPRECATED_OBJC_IMPLEMENTATIONS = YES;
				CLANG_WARN_DIRECT_OBJC_ISA_USAGE = YES_ERROR;
				CLANG_WARN_DOCUMENTATION_COMMENTS = YES;
				CLANG_WARN_EMPTY_BODY = YES;
				CLANG_WARN_ENUM_CONVERSION = YES;
				CLANG_WARN_INFINITE_RECURSION = YES;
				CLANG_WARN_INT_CONVERSION = YES;
				CLANG_WARN_NON_LITERAL_NULL_CONVERSION = YES;
				CLANG_WARN_OBJC_IMPLICIT_RETAIN_SELF = YES;
				CLANG_WARN_OBJC_LITERAL_CONVERSION = YES;
				CLANG_WARN_OBJC_ROOT_CLASS = YES_ERROR;
				CLANG_WARN_QUOTED_INCLUDE_IN_FRAMEWORK_HEADER = YES;
				CLANG_WARN_RANGE_LOOP_ANALYSIS = YES;
				CLANG_WARN_STRICT_PROTOTYPES = YES;
				CLANG_WARN_SUSPICIOUS_MOVE = YES;
				CLANG_WARN_UNGUARDED_AVAILABILITY = YES_AGGRESSIVE;
				CLANG_WARN_UNREACHABLE_CODE = YES;
				CLANG_WARN__DUPLICATE_METHOD_MATCH = YES;
				COPY_PHASE_STRIP = NO;
				DEBUG_INFORMATION_FORMAT = dwarf;
				ENABLE_STRICT_OBJC_MSGSEND = YES;
				ENABLE_TESTABILITY = YES;
				GCC_C_LANGUAGE_STANDARD = gnu11;
				GCC_DYNAMIC_NO_PIC = NO;
				GCC_NO_COMMON_BLOCKS = YES;
				GCC_OPTIMIZATION_LEVEL = 0;
				GCC_PREPROCESSOR_DEFINITIONS = (
					"DEBUG=1",
					"$(inherited)",
				);
				GCC_WARN_64_TO_32_BIT_CONVERSION = YES;
				GCC_WARN_ABOUT_RETURN_TYPE = YES_ERROR;
				GCC_WARN_UNDECLARED_SELECTOR = YES;
				GCC_WARN_UNINITIALIZED_AUTOS = YES_AGGRESSIVE;
				GCC_WARN_UNUSED_FUNCTION = YES;
				GCC_WARN_UNUSED_VARIABLE = YES;
				IPHONEOS_DEPLOYMENT_TARGET = 16.1;
				MTL_ENABLE_DEBUG_INFO = INCLUDE_SOURCE;
				MTL_FAST_MATH = YES;
				ONLY_ACTIVE_ARCH = YES;
				SDKROOT = iphoneos;
				SWIFT_ACTIVE_COMPILATION_CONDITIONS = DEBUG;
				SWIFT_OPTIMIZATION_LEVEL = "-Onone";
			};
			name = Debug;
		};
		E052D847298BE8B7004706F5 /* Release */ = {
			isa = XCBuildConfiguration;
			buildSettings = {
				ALWAYS_SEARCH_USER_PATHS = NO;
				CLANG_ANALYZER_NONNULL = YES;
				CLANG_ANALYZER_NUMBER_OBJECT_CONVERSION = YES_AGGRESSIVE;
				CLANG_CXX_LANGUAGE_STANDARD = "gnu++20";
				CLANG_ENABLE_MODULES = YES;
				CLANG_ENABLE_OBJC_ARC = YES;
				CLANG_ENABLE_OBJC_WEAK = YES;
				CLANG_WARN_BLOCK_CAPTURE_AUTORELEASING = YES;
				CLANG_WARN_BOOL_CONVERSION = YES;
				CLANG_WARN_COMMA = YES;
				CLANG_WARN_CONSTANT_CONVERSION = YES;
				CLANG_WARN_DEPRECATED_OBJC_IMPLEMENTATIONS = YES;
				CLANG_WARN_DIRECT_OBJC_ISA_USAGE = YES_ERROR;
				CLANG_WARN_DOCUMENTATION_COMMENTS = YES;
				CLANG_WARN_EMPTY_BODY = YES;
				CLANG_WARN_ENUM_CONVERSION = YES;
				CLANG_WARN_INFINITE_RECURSION = YES;
				CLANG_WARN_INT_CONVERSION = YES;
				CLANG_WARN_NON_LITERAL_NULL_CONVERSION = YES;
				CLANG_WARN_OBJC_IMPLICIT_RETAIN_SELF = YES;
				CLANG_WARN_OBJC_LITERAL_CONVERSION = YES;
				CLANG_WARN_OBJC_ROOT_CLASS = YES_ERROR;
				CLANG_WARN_QUOTED_INCLUDE_IN_FRAMEWORK_HEADER = YES;
				CLANG_WARN_RANGE_LOOP_ANALYSIS = YES;
				CLANG_WARN_STRICT_PROTOTYPES = YES;
				CLANG_WARN_SUSPICIOUS_MOVE = YES;
				CLANG_WARN_UNGUARDED_AVAILABILITY = YES_AGGRESSIVE;
				CLANG_WARN_UNREACHABLE_CODE = YES;
				CLANG_WARN__DUPLICATE_METHOD_MATCH = YES;
				COPY_PHASE_STRIP = NO;
				DEBUG_INFORMATION_FORMAT = "dwarf-with-dsym";
				ENABLE_NS_ASSERTIONS = NO;
				ENABLE_STRICT_OBJC_MSGSEND = YES;
				GCC_C_LANGUAGE_STANDARD = gnu11;
				GCC_NO_COMMON_BLOCKS = YES;
				GCC_WARN_64_TO_32_BIT_CONVERSION = YES;
				GCC_WARN_ABOUT_RETURN_TYPE = YES_ERROR;
				GCC_WARN_UNDECLARED_SELECTOR = YES;
				GCC_WARN_UNINITIALIZED_AUTOS = YES_AGGRESSIVE;
				GCC_WARN_UNUSED_FUNCTION = YES;
				GCC_WARN_UNUSED_VARIABLE = YES;
				IPHONEOS_DEPLOYMENT_TARGET = 16.1;
				MTL_ENABLE_DEBUG_INFO = NO;
				MTL_FAST_MATH = YES;
				SDKROOT = iphoneos;
				SWIFT_COMPILATION_MODE = wholemodule;
				SWIFT_OPTIMIZATION_LEVEL = "-O";
				VALIDATE_PRODUCT = YES;
			};
			name = Release;
		};
		E052D849298BE8B7004706F5 /* Debug */ = {
			isa = XCBuildConfiguration;
			buildSettings = {
				ASSETCATALOG_COMPILER_APPICON_NAME = AppIcon;
				ASSETCATALOG_COMPILER_GLOBAL_ACCENT_COLOR_NAME = AccentColor;
				CODE_SIGN_STYLE = Automatic;
				CURRENT_PROJECT_VERSION = 1;
				DEVELOPMENT_ASSET_PATHS = "\"Briefull/Preview Content\"";
				DEVELOPMENT_TEAM = QBHM4NR7GG;
				ENABLE_PREVIEWS = YES;
				GENERATE_INFOPLIST_FILE = YES;
				INFOPLIST_KEY_UIApplicationSceneManifest_Generation = YES;
				INFOPLIST_KEY_UIApplicationSupportsIndirectInputEvents = YES;
				INFOPLIST_KEY_UILaunchScreen_Generation = YES;
				INFOPLIST_KEY_UISupportedInterfaceOrientations_iPad = "UIInterfaceOrientationPortrait UIInterfaceOrientationPortraitUpsideDown UIInterfaceOrientationLandscapeLeft UIInterfaceOrientationLandscapeRight";
				INFOPLIST_KEY_UISupportedInterfaceOrientations_iPhone = "UIInterfaceOrientationPortrait UIInterfaceOrientationLandscapeLeft UIInterfaceOrientationLandscapeRight";
				LD_RUNPATH_SEARCH_PATHS = (
					"$(inherited)",
					"@executable_path/Frameworks",
				);
				MARKETING_VERSION = 1.0;
				PRODUCT_BUNDLE_IDENTIFIER = com.Amaal.Briefull;
				PRODUCT_NAME = "$(TARGET_NAME)";
				SUPPORTED_PLATFORMS = "iphoneos iphonesimulator";
				SUPPORTS_MACCATALYST = NO;
				SUPPORTS_MAC_DESIGNED_FOR_IPHONE_IPAD = NO;
				SWIFT_EMIT_LOC_STRINGS = YES;
				SWIFT_VERSION = 5.0;
				TARGETED_DEVICE_FAMILY = 1;
			};
			name = Debug;
		};
		E052D84A298BE8B7004706F5 /* Release */ = {
			isa = XCBuildConfiguration;
			buildSettings = {
				ASSETCATALOG_COMPILER_APPICON_NAME = AppIcon;
				ASSETCATALOG_COMPILER_GLOBAL_ACCENT_COLOR_NAME = AccentColor;
				CODE_SIGN_STYLE = Automatic;
				CURRENT_PROJECT_VERSION = 1;
				DEVELOPMENT_ASSET_PATHS = "\"Briefull/Preview Content\"";
				DEVELOPMENT_TEAM = QBHM4NR7GG;
				ENABLE_PREVIEWS = YES;
				GENERATE_INFOPLIST_FILE = YES;
				INFOPLIST_KEY_UIApplicationSceneManifest_Generation = YES;
				INFOPLIST_KEY_UIApplicationSupportsIndirectInputEvents = YES;
				INFOPLIST_KEY_UILaunchScreen_Generation = YES;
				INFOPLIST_KEY_UISupportedInterfaceOrientations_iPad = "UIInterfaceOrientationPortrait UIInterfaceOrientationPortraitUpsideDown UIInterfaceOrientationLandscapeLeft UIInterfaceOrientationLandscapeRight";
				INFOPLIST_KEY_UISupportedInterfaceOrientations_iPhone = "UIInterfaceOrientationPortrait UIInterfaceOrientationLandscapeLeft UIInterfaceOrientationLandscapeRight";
				LD_RUNPATH_SEARCH_PATHS = (
					"$(inherited)",
					"@executable_path/Frameworks",
				);
				MARKETING_VERSION = 1.0;
				PRODUCT_BUNDLE_IDENTIFIER = com.Amaal.Briefull;
				PRODUCT_NAME = "$(TARGET_NAME)";
				SUPPORTED_PLATFORMS = "iphoneos iphonesimulator";
				SUPPORTS_MACCATALYST = NO;
				SUPPORTS_MAC_DESIGNED_FOR_IPHONE_IPAD = NO;
				SWIFT_EMIT_LOC_STRINGS = YES;
				SWIFT_VERSION = 5.0;
				TARGETED_DEVICE_FAMILY = 1;
			};
			name = Release;
		};
/* End XCBuildConfiguration section */

/* Begin XCConfigurationList section */
		E052D835298BE8B6004706F5 /* Build configuration list for PBXProject "Briefull" */ = {
			isa = XCConfigurationList;
			buildConfigurations = (
				E052D846298BE8B7004706F5 /* Debug */,
				E052D847298BE8B7004706F5 /* Release */,
			);
			defaultConfigurationIsVisible = 0;
			defaultConfigurationName = Release;
		};
		E052D848298BE8B7004706F5 /* Build configuration list for PBXNativeTarget "Briefull" */ = {
			isa = XCConfigurationList;
			buildConfigurations = (
				E052D849298BE8B7004706F5 /* Debug */,
				E052D84A298BE8B7004706F5 /* Release */,
			);
			defaultConfigurationIsVisible = 0;
			defaultConfigurationName = Release;
		};
/* End XCConfigurationList section */

/* Begin XCRemoteSwiftPackageReference section */
		E052D8772990F7AB004706F5 /* XCRemoteSwiftPackageReference "firebase-ios-sdk" */ = {
			isa = XCRemoteSwiftPackageReference;
			repositoryURL = "https://github.com/firebase/firebase-ios-sdk";
			requirement = {
				kind = upToNextMajorVersion;
				minimumVersion = 9.0.0;
			};
		};
/* End XCRemoteSwiftPackageReference section */

/* Begin XCSwiftPackageProductDependency section */
		E052D8782990F7AB004706F5 /* FirebaseAuth */ = {
			isa = XCSwiftPackageProductDependency;
			package = E052D8772990F7AB004706F5 /* XCRemoteSwiftPackageReference "firebase-ios-sdk" */;
			productName = FirebaseAuth;
		};
		E052D87A2990F7AB004706F5 /* FirebaseFirestore */ = {
			isa = XCSwiftPackageProductDependency;
			package = E052D8772990F7AB004706F5 /* XCRemoteSwiftPackageReference "firebase-ios-sdk" */;
			productName = FirebaseFirestore;
		};
		E052D87C2990F7AB004706F5 /* FirebaseStorage */ = {
			isa = XCSwiftPackageProductDependency;
			package = E052D8772990F7AB004706F5 /* XCRemoteSwiftPackageReference "firebase-ios-sdk" */;
			productName = FirebaseStorage;
		};
/* End XCSwiftPackageProductDependency section */
	};
	rootObject = E052D832298BE8B6004706F5 /* Project object */;
}
